
Microsoft Visual Studio Solution File, Format Version 12.00
# Visual Studio Version 16
VisualStudioVersion = 16.0.31205.134
MinimumVisualStudioVersion = 10.0.40219.1
Project("{2150E333-8FDC-42A3-9474-1A3956D46DE8}") = "Services", "Services", "{502F269D-3FB8-4AEE-A2AB-C28ABD885B7D}"
EndProject
Project("{2150E333-8FDC-42A3-9474-1A3956D46DE8}") = "Catalog", "Catalog", "{082A3503-7713-448B-80A8-2D43BF3C46EF}"
EndProject
Project("{FAE04EC0-301F-11D3-BF4B-00C04F79EFBC}") = "Catalog.Api", "Catalog.Api\Catalog.Api.csproj", "{7BA0A68B-9686-4E0C-BA5A-E6B62BD06D29}"
EndProject
Project("{E53339B2-1760-4266-BCC7-CA923CBCF16C}") = "docker-compose", "docker-compose.dcproj", "{40E253A6-341B-488D-BEA2-12CDA77A110F}"
EndProject
Global
	GlobalSection(SolutionConfigurationPlatforms) = preSolution
		Debug|Any CPU = Debug|Any CPU
		Release|Any CPU = Release|Any CPU
	EndGlobalSection
	GlobalSection(ProjectConfigurationPlatforms) = postSolution
		{7BA0A68B-9686-4E0C-BA5A-E6B62BD06D29}.Debug|Any CPU.ActiveCfg = Debug|Any CPU
		{7BA0A68B-9686-4E0C-BA5A-E6B62BD06D29}.Debug|Any CPU.Build.0 = Debug|Any CPU
		{7BA0A68B-9686-4E0C-BA5A-E6B62BD06D29}.Release|Any CPU.ActiveCfg = Release|Any CPU
		{7BA0A68B-9686-4E0C-BA5A-E6B62BD06D29}.Release|Any CPU.Build.0 = Release|Any CPU
		{40E253A6-341B-488D-BEA2-12CDA77A110F}.Debug|Any CPU.ActiveCfg = Debug|Any CPU
		{40E253A6-341B-488D-BEA2-12CDA77A110F}.Debug|Any CPU.Build.0 = Debug|Any CPU
		{40E253A6-341B-488D-BEA2-12CDA77A110F}.Release|Any CPU.ActiveCfg = Release|Any CPU
		{40E253A6-341B-488D-BEA2-12CDA77A110F}.Release|Any CPU.Build.0 = Release|Any CPU
	EndGlobalSection
	GlobalSection(SolutionProperties) = preSolution
		HideSolutionNode = FALSE
	EndGlobalSection
	GlobalSection(NestedProjects) = preSolution
		{082A3503-7713-448B-80A8-2D43BF3C46EF} = {502F269D-3FB8-4AEE-A2AB-C28ABD885B7D}
		{7BA0A68B-9686-4E0C-BA5A-E6B62BD06D29} = {082A3503-7713-448B-80A8-2D43BF3C46EF}
	EndGlobalSection
	GlobalSection(ExtensibilityGlobals) = postSolution
		SolutionGuid = {99DAD443-3028-4356-84C1-4EC5B6235CB8}
	EndGlobalSection
EndGlobal
